{
  "name": "数据分析(封装代码)",
  "lockfileVersion": 3,
  "requires": true,
  "packages": {
    "": {
      "dependencies": {
        "@qiun/ucharts": "^2.5.0-20230101",
        "echarts": "^5.5.1"
      }
    },
    "node_modules/@qiun/ucharts": {
      "version": "2.5.0-20230101",
      "resolved": "https://registry.npmmirror.com/@qiun/ucharts/-/ucharts-2.5.0-20230101.tgz",
      "integrity": "sha512-C7ccBgfPuGF6dxTRuMW0NPPMSCf1k/kh3I9zkRVBc5PaivudX/rPL+jd2Wty6gn5ya5L3Ob+YmYe09V5xw66Cw=="
    },
    "node_modules/echarts": {
      "version": "5.5.1",
      "resolved": "https://registry.npmmirror.com/echarts/-/echarts-5.5.1.tgz",
      "integrity": "sha512-Fce8upazaAXUVUVsjgV6mBnGuqgO+JNDlcgF79Dksy4+wgGpQB2lmYoO4TSweFg/mZITdpGHomw/cNBJZj1icA==",
      "dependencies": {
        "tslib": "2.3.0",
        "zrender": "5.6.0"
      }
    },
    "node_modules/tslib": {
      "version": "2.3.0",
      "license": "0BSD"
    },
    "node_modules/zrender": {
      "version": "5.6.0",
      "license": "BSD-3-Clause",
      "dependencies": {
        "tslib": "2.3.0"
      }
    }
  }
}
